
Microsoft Visual Studio Solution File, Format Version 12.00
# Visual Studio Version 17
VisualStudioVersion = 17.0.32126.317
MinimumVisualStudioVersion = 10.0.40219.1
Project("{9A19103F-16F7-4668-BE54-9A1E7A4F7556}") = "HovyFridge", "HovyFridge\HovyFridge.csproj", "{79D15DA6-94CA-4ADE-B068-81D161E44677}"
EndProject
Project("{9A19103F-16F7-4668-BE54-9A1E7A4F7556}") = "HovyFridge.Api", "HovyFridge.Api\HovyFridge.Api.csproj", "{5865A66C-9475-4F33-9A2C-A25ABBB2DD86}"
EndProject
Project("{9A19103F-16F7-4668-BE54-9A1E7A4F7556}") = "HovyFridge.Web", "HovyFridge.Web\HovyFridge.Web.csproj", "{48038EC5-4471-4810-A36E-2FB77E695264}"
EndProject
Global
	GlobalSection(SolutionConfigurationPlatforms) = preSolution
		Debug|Any CPU = Debug|Any CPU
		Release|Any CPU = Release|Any CPU
	EndGlobalSection
	GlobalSection(ProjectConfigurationPlatforms) = postSolution
		{79D15DA6-94CA-4ADE-B068-81D161E44677}.Debug|Any CPU.ActiveCfg = Debug|Any CPU
		{79D15DA6-94CA-4ADE-B068-81D161E44677}.Debug|Any CPU.Build.0 = Debug|Any CPU
		{79D15DA6-94CA-4ADE-B068-81D161E44677}.Release|Any CPU.ActiveCfg = Release|Any CPU
		{79D15DA6-94CA-4ADE-B068-81D161E44677}.Release|Any CPU.Build.0 = Release|Any CPU
		{5865A66C-9475-4F33-9A2C-A25ABBB2DD86}.Debug|Any CPU.ActiveCfg = Debug|Any CPU
		{5865A66C-9475-4F33-9A2C-A25ABBB2DD86}.Debug|Any CPU.Build.0 = Debug|Any CPU
		{5865A66C-9475-4F33-9A2C-A25ABBB2DD86}.Release|Any CPU.ActiveCfg = Release|Any CPU
		{5865A66C-9475-4F33-9A2C-A25ABBB2DD86}.Release|Any CPU.Build.0 = Release|Any CPU
		{48038EC5-4471-4810-A36E-2FB77E695264}.Debug|Any CPU.ActiveCfg = Debug|Any CPU
		{48038EC5-4471-4810-A36E-2FB77E695264}.Debug|Any CPU.Build.0 = Debug|Any CPU
		{48038EC5-4471-4810-A36E-2FB77E695264}.Release|Any CPU.ActiveCfg = Release|Any CPU
		{48038EC5-4471-4810-A36E-2FB77E695264}.Release|Any CPU.Build.0 = Release|Any CPU
	EndGlobalSection
	GlobalSection(SolutionProperties) = preSolution
		HideSolutionNode = FALSE
	EndGlobalSection
	GlobalSection(ExtensibilityGlobals) = postSolution
		SolutionGuid = {3F56220A-FE9B-42D2-9DBA-DE4DAFD72748}
	EndGlobalSection
EndGlobal
